
Microsoft Visual Studio Solution File, Format Version 12.00
# Visual Studio Version 17
VisualStudioVersion = 17.8.34601.278
MinimumVisualStudioVersion = 10.0.40219.1
Project("{FAE04EC0-301F-11D3-BF4B-00C04F79EFBC}") = "ConsoleApp29", "ConsoleApp29\ConsoleApp29.csproj", "{B8DEC459-CD3D-4490-A05F-400190720ABC}"
EndProject
Global
	GlobalSection(SolutionConfigurationPlatforms) = preSolution
		Debug|Any CPU = Debug|Any CPU
		Release|Any CPU = Release|Any CPU
	EndGlobalSection
	GlobalSection(ProjectConfigurationPlatforms) = postSolution
		{B8DEC459-CD3D-4490-A05F-400190720ABC}.Debug|Any CPU.ActiveCfg = Debug|Any CPU
		{B8DEC459-CD3D-4490-A05F-400190720ABC}.Debug|Any CPU.Build.0 = Debug|Any CPU
		{B8DEC459-CD3D-4490-A05F-400190720ABC}.Release|Any CPU.ActiveCfg = Release|Any CPU
		{B8DEC459-CD3D-4490-A05F-400190720ABC}.Release|Any CPU.Build.0 = Release|Any CPU
	EndGlobalSection
	GlobalSection(SolutionProperties) = preSolution
		HideSolutionNode = FALSE
	EndGlobalSection
	GlobalSection(ExtensibilityGlobals) = postSolution
		SolutionGuid = {0D014E0F-12C4-432D-8F1A-9F6B297CAFDA}
	EndGlobalSection
EndGlobal
